
Microsoft Visual Studio Solution File, Format Version 12.00
# Visual Studio Version 17
VisualStudioVersion = 17.2.32526.322
MinimumVisualStudioVersion = 10.0.40219.1
Project("{FAE04EC0-301F-11D3-BF4B-00C04F79EFBC}") = "ConsoleApp1", "ConsoleApp1\ConsoleApp1.csproj", "{A87D6FB2-97EC-4501-B7D3-C42C0E05E361}"
EndProject
Global
	GlobalSection(SolutionConfigurationPlatforms) = preSolution
		Debug|Any CPU = Debug|Any CPU
		Release|Any CPU = Release|Any CPU
	EndGlobalSection
	GlobalSection(ProjectConfigurationPlatforms) = postSolution
		{A87D6FB2-97EC-4501-B7D3-C42C0E05E361}.Debug|Any CPU.ActiveCfg = Debug|Any CPU
		{A87D6FB2-97EC-4501-B7D3-C42C0E05E361}.Debug|Any CPU.Build.0 = Debug|Any CPU
		{A87D6FB2-97EC-4501-B7D3-C42C0E05E361}.Release|Any CPU.ActiveCfg = Release|Any CPU
		{A87D6FB2-97EC-4501-B7D3-C42C0E05E361}.Release|Any CPU.Build.0 = Release|Any CPU
	EndGlobalSection
	GlobalSection(SolutionProperties) = preSolution
		HideSolutionNode = FALSE
	EndGlobalSection
	GlobalSection(ExtensibilityGlobals) = postSolution
		SolutionGuid = {66E32AAB-1942-450E-8AA8-7E12D69BCA6A}
	EndGlobalSection
EndGlobal
